
Microsoft Visual Studio Solution File, Format Version 12.00
# Visual Studio Version 17
VisualStudioVersion = 17.7.34202.233
MinimumVisualStudioVersion = 10.0.40219.1
Project("{FAE04EC0-301F-11D3-BF4B-00C04F79EFBC}") = "example", "example\example.csproj", "{1B1C2B8E-1A61-4557-B96F-B3A486711A7B}"
EndProject
Global
	GlobalSection(SolutionConfigurationPlatforms) = preSolution
		Debug|Any CPU = Debug|Any CPU
		Release|Any CPU = Release|Any CPU
	EndGlobalSection
	GlobalSection(ProjectConfigurationPlatforms) = postSolution
		{1B1C2B8E-1A61-4557-B96F-B3A486711A7B}.Debug|Any CPU.ActiveCfg = Debug|Any CPU
		{1B1C2B8E-1A61-4557-B96F-B3A486711A7B}.Debug|Any CPU.Build.0 = Debug|Any CPU
		{1B1C2B8E-1A61-4557-B96F-B3A486711A7B}.Release|Any CPU.ActiveCfg = Release|Any CPU
		{1B1C2B8E-1A61-4557-B96F-B3A486711A7B}.Release|Any CPU.Build.0 = Release|Any CPU
	EndGlobalSection
	GlobalSection(SolutionProperties) = preSolution
		HideSolutionNode = FALSE
	EndGlobalSection
	GlobalSection(ExtensibilityGlobals) = postSolution
		SolutionGuid = {C1451E79-D380-4A29-8F57-84CF0470CA00}
	EndGlobalSection
EndGlobal
