
Microsoft Visual Studio Solution File, Format Version 12.00
# Visual Studio Version 17
VisualStudioVersion = 17.11.35312.102
MinimumVisualStudioVersion = 10.0.40219.1
Project("{FAE04EC0-301F-11D3-BF4B-00C04F79EFBC}") = "ChageBuro", "ChageBuro\ChageBuro.csproj", "{0D58D68E-0C91-4F95-9C00-B0EB60DD2BDF}"
EndProject
Project("{FAE04EC0-301F-11D3-BF4B-00C04F79EFBC}") = "ChangeBuro", "..\ChangeBuro\ChangeBuro.csproj", "{7E1A7E25-1422-4B23-87D7-BA4AF494D37D}"
EndProject
Global
	GlobalSection(SolutionConfigurationPlatforms) = preSolution
		Debug|Any CPU = Debug|Any CPU
		Release|Any CPU = Release|Any CPU
	EndGlobalSection
	GlobalSection(ProjectConfigurationPlatforms) = postSolution
		{0D58D68E-0C91-4F95-9C00-B0EB60DD2BDF}.Debug|Any CPU.ActiveCfg = Debug|Any CPU
		{0D58D68E-0C91-4F95-9C00-B0EB60DD2BDF}.Debug|Any CPU.Build.0 = Debug|Any CPU
		{0D58D68E-0C91-4F95-9C00-B0EB60DD2BDF}.Release|Any CPU.ActiveCfg = Release|Any CPU
		{0D58D68E-0C91-4F95-9C00-B0EB60DD2BDF}.Release|Any CPU.Build.0 = Release|Any CPU
		{7E1A7E25-1422-4B23-87D7-BA4AF494D37D}.Debug|Any CPU.ActiveCfg = Debug|Any CPU
		{7E1A7E25-1422-4B23-87D7-BA4AF494D37D}.Debug|Any CPU.Build.0 = Debug|Any CPU
		{7E1A7E25-1422-4B23-87D7-BA4AF494D37D}.Release|Any CPU.ActiveCfg = Release|Any CPU
		{7E1A7E25-1422-4B23-87D7-BA4AF494D37D}.Release|Any CPU.Build.0 = Release|Any CPU
	EndGlobalSection
	GlobalSection(SolutionProperties) = preSolution
		HideSolutionNode = FALSE
	EndGlobalSection
	GlobalSection(ExtensibilityGlobals) = postSolution
		SolutionGuid = {16887B7A-8BCD-44CB-9236-B1A8D045BD4F}
	EndGlobalSection
EndGlobal
